
Microsoft Visual Studio Solution File, Format Version 12.00
# Visual Studio Version 17
VisualStudioVersion = 17.0.31903.59
MinimumVisualStudioVersion = 10.0.40219.1
Project("{FAE04EC0-301F-11D3-BF4B-00C04F79EFBC}") = "Wangkanai.DotNet.Build.Tasks.TargetFramework", "src\Wangkanai.DotNet.Build.Tasks.TargetFramework\Wangkanai.DotNet.Build.Tasks.TargetFramework.csproj", "{38449876-2004-47A3-9E28-70B9258A9154}"
EndProject
Project("{2150E333-8FDC-42A3-9474-1A3956D46DE8}") = ".solutions", ".solutions", "{DB82D91B-2182-4424-B491-7EA0D43DBB23}"
	ProjectSection(SolutionItems) = preProject
		.gitignore = .gitignore
		README.md = README.md
	EndProjectSection
EndProject
Global
	GlobalSection(SolutionConfigurationPlatforms) = preSolution
		Debug|Any CPU = Debug|Any CPU
		Release|Any CPU = Release|Any CPU
	EndGlobalSection
	GlobalSection(SolutionProperties) = preSolution
		HideSolutionNode = FALSE
	EndGlobalSection
	GlobalSection(ProjectConfigurationPlatforms) = postSolution
		{38449876-2004-47A3-9E28-70B9258A9154}.Debug|Any CPU.ActiveCfg = Debug|Any CPU
		{38449876-2004-47A3-9E28-70B9258A9154}.Debug|Any CPU.Build.0 = Debug|Any CPU
		{38449876-2004-47A3-9E28-70B9258A9154}.Release|Any CPU.ActiveCfg = Release|Any CPU
		{38449876-2004-47A3-9E28-70B9258A9154}.Release|Any CPU.Build.0 = Release|Any CPU
	EndGlobalSection
EndGlobal
